
Microsoft Visual Studio Solution File, Format Version 12.00
# Visual Studio Version 16
VisualStudioVersion = 16.0.31005.135
MinimumVisualStudioVersion = 10.0.40219.1
Project("{FAE04EC0-301F-11D3-BF4B-00C04F79EFBC}") = "EventManagerWeb", "EventManagerWeb\EventManagerWeb.csproj", "{B3DBF9A4-53CD-4BB7-92E4-75EAB56D9005}"
EndProject
Global
	GlobalSection(SolutionConfigurationPlatforms) = preSolution
		Debug|Any CPU = Debug|Any CPU
		Release|Any CPU = Release|Any CPU
	EndGlobalSection
	GlobalSection(ProjectConfigurationPlatforms) = postSolution
		{B3DBF9A4-53CD-4BB7-92E4-75EAB56D9005}.Debug|Any CPU.ActiveCfg = Debug|Any CPU
		{B3DBF9A4-53CD-4BB7-92E4-75EAB56D9005}.Debug|Any CPU.Build.0 = Debug|Any CPU
		{B3DBF9A4-53CD-4BB7-92E4-75EAB56D9005}.Release|Any CPU.ActiveCfg = Release|Any CPU
		{B3DBF9A4-53CD-4BB7-92E4-75EAB56D9005}.Release|Any CPU.Build.0 = Release|Any CPU
	EndGlobalSection
	GlobalSection(SolutionProperties) = preSolution
		HideSolutionNode = FALSE
	EndGlobalSection
	GlobalSection(ExtensibilityGlobals) = postSolution
		SolutionGuid = {B8BDBEF9-B282-4C2E-8448-287937E80AF5}
	EndGlobalSection
EndGlobal
